
Microsoft Visual Studio Solution File, Format Version 12.00
# Visual Studio Version 16
VisualStudioVersion = 16.0.34601.136
MinimumVisualStudioVersion = 10.0.40219.1
Project("{FAE04EC0-301F-11D3-BF4B-00C04F79EFBC}") = "ConsoleApp16", "ConsoleApp16\ConsoleApp16.csproj", "{A571E857-E2A7-4D37-B23E-0479215E69CF}"
EndProject
Global
	GlobalSection(SolutionConfigurationPlatforms) = preSolution
		Debug|Any CPU = Debug|Any CPU
		Release|Any CPU = Release|Any CPU
	EndGlobalSection
	GlobalSection(ProjectConfigurationPlatforms) = postSolution
		{A571E857-E2A7-4D37-B23E-0479215E69CF}.Debug|Any CPU.ActiveCfg = Debug|Any CPU
		{A571E857-E2A7-4D37-B23E-0479215E69CF}.Debug|Any CPU.Build.0 = Debug|Any CPU
		{A571E857-E2A7-4D37-B23E-0479215E69CF}.Release|Any CPU.ActiveCfg = Release|Any CPU
		{A571E857-E2A7-4D37-B23E-0479215E69CF}.Release|Any CPU.Build.0 = Release|Any CPU
	EndGlobalSection
	GlobalSection(SolutionProperties) = preSolution
		HideSolutionNode = FALSE
	EndGlobalSection
	GlobalSection(ExtensibilityGlobals) = postSolution
		SolutionGuid = {CC03383B-35DD-4F7A-87FF-14C8F0F88171}
	EndGlobalSection
EndGlobal
